
Microsoft Visual Studio Solution File, Format Version 12.00
# Visual Studio 15
VisualStudioVersion = 15.0.27428.2037
MinimumVisualStudioVersion = 10.0.40219.1
Project("{FAE04EC0-301F-11D3-BF4B-00C04F79EFBC}") = "StokTakip", "StokTakip\StokTakip.csproj", "{DD2B48B9-59DF-498D-A726-C98190FC5BD2}"
EndProject
Global
	GlobalSection(SolutionConfigurationPlatforms) = preSolution
		Debug|Any CPU = Debug|Any CPU
		Release|Any CPU = Release|Any CPU
	EndGlobalSection
	GlobalSection(ProjectConfigurationPlatforms) = postSolution
		{DD2B48B9-59DF-498D-A726-C98190FC5BD2}.Debug|Any CPU.ActiveCfg = Debug|Any CPU
		{DD2B48B9-59DF-498D-A726-C98190FC5BD2}.Debug|Any CPU.Build.0 = Debug|Any CPU
		{DD2B48B9-59DF-498D-A726-C98190FC5BD2}.Release|Any CPU.ActiveCfg = Release|Any CPU
		{DD2B48B9-59DF-498D-A726-C98190FC5BD2}.Release|Any CPU.Build.0 = Release|Any CPU
	EndGlobalSection
	GlobalSection(SolutionProperties) = preSolution
		HideSolutionNode = FALSE
	EndGlobalSection
	GlobalSection(ExtensibilityGlobals) = postSolution
		SolutionGuid = {F56FF600-3F97-412B-973C-D7C94DCCA0B1}
	EndGlobalSection
EndGlobal
